{
   "name": "@ha8rt/http.service",
   "version": "1.0.9",
   "lockfileVersion": 1,
   "requires": true,
   "dependencies": {
      "@angular/common": {
         "version": "8.2.13",
         "resolved": "https://registry.npmjs.org/@angular/common/-/common-8.2.13.tgz",
         "integrity": "sha512-I9cTcjUi88L+Mb/a/ZzUrdDcn3YgFFK9LubxaPjAfr6+G7IZ//MY5HuvG8Y41yKprXVVvQCbQ1yQD+GGRSCkaA==",
         "requires": {
            "tslib": "^1.9.0"
         }
      },
      "@angular/core": {
         "version": "8.2.13",
         "resolved": "https://registry.npmjs.org/@angular/core/-/core-8.2.13.tgz",
         "integrity": "sha512-W8HN0lUQV4Sq85l17nhRIXeIfcw1ZdpgGm6to98pl0y9l/1srfzWfTnofuwCJC7gedt5AMrYJGUaNiDbByosFw==",
         "requires": {
            "tslib": "^1.9.0"
         }
      },
      "@angular/platform-browser": {
         "version": "8.2.13",
         "resolved": "https://registry.npmjs.org/@angular/platform-browser/-/platform-browser-8.2.13.tgz",
         "integrity": "sha512-1lPbeLQIbbafjq9ul3IA8s2fMJ/EXeMJ74ouTolVXoPPur9ZPRLX9FqBAO1K4QzkAWhRlyf6qIC+mDZfJILwZw==",
         "requires": {
            "tslib": "^1.9.0"
         }
      },
      "@angular/router": {
         "version": "8.2.13",
         "resolved": "https://registry.npmjs.org/@angular/router/-/router-8.2.13.tgz",
         "integrity": "sha512-9CqnachtdASnEmRMtrG/R3c5nDCjjlCU4n0W/xt5+LlveyuUVvAT/CFUC38km4Df3lIvqap8mSpxzGaEzCL+wQ==",
         "requires": {
            "tslib": "^1.9.0"
         }
      },
      "@types/file-saver": {
         "version": "2.0.1",
         "resolved": "https://registry.npmjs.org/@types/file-saver/-/file-saver-2.0.1.tgz",
         "integrity": "sha512-g1QUuhYVVAamfCifK7oB7G3aIl4BbOyzDOqVyUfEr4tfBKrXfeH+M+Tg7HKCXSrbzxYdhyCP7z9WbKo0R2hBCw=="
      },
      "file-saver": {
         "version": "2.0.2",
         "resolved": "https://registry.npmjs.org/file-saver/-/file-saver-2.0.2.tgz",
         "integrity": "sha512-Wz3c3XQ5xroCxd1G8b7yL0Ehkf0TC9oYC6buPFkNnU9EnaPlifeAFCyCh+iewXTyFRcg0a6j3J7FmJsIhlhBdw=="
      },
      "ngx-spinner": {
         "version": "8.0.3",
         "resolved": "https://registry.npmjs.org/ngx-spinner/-/ngx-spinner-8.0.3.tgz",
         "integrity": "sha512-2yiNDqY8jMSjRgYZEb6ubeOpvE2vzRndoPXj0FRINVjfuBioy501t+VwA99SKNbSHwVDa2plEuY7X3o4dbG1cQ==",
         "requires": {
            "tslib": "^1.9.0"
         }
      },
      "rxjs": {
         "version": "6.5.3",
         "resolved": "https://registry.npmjs.org/rxjs/-/rxjs-6.5.3.tgz",
         "integrity": "sha512-wuYsAYYFdWTAnAaPoKGNhfpWwKZbJW+HgAJ+mImp+Epl7BG8oNWBCTyRM8gba9k4lk8BgWdoYm21Mo/RYhhbgA==",
         "requires": {
            "tslib": "^1.9.0"
         }
      },
      "tslib": {
         "version": "1.10.0",
         "resolved": "https://registry.npmjs.org/tslib/-/tslib-1.10.0.tgz",
         "integrity": "sha512-qOebF53frne81cf0S9B41ByenJ3/IuH8yJKngAX35CmiZySA0khhkovshKK+jGCaMnVomla7gVlIcc3EvKPbTQ=="
      },
      "zone.js": {
         "version": "0.9.1",
         "resolved": "https://registry.npmjs.org/zone.js/-/zone.js-0.9.1.tgz",
         "integrity": "sha512-GkPiJL8jifSrKReKaTZ5jkhrMEgXbXYC+IPo1iquBjayRa0q86w3Dipjn8b415jpitMExe9lV8iTsv8tk3DGag=="
      }
   }
}
